
Microsoft Visual Studio Solution File, Format Version 12.00
# Visual Studio 15
VisualStudioVersion = 15.0.27130.2010
MinimumVisualStudioVersion = 10.0.40219.1
Project("{9A19103F-16F7-4668-BE54-9A1E7A4F7556}") = "ConnectFourGame", "ConnectFour\ConnectFourGame.csproj", "{4CFB4468-D6EA-4FE2-AD39-A5FDA8F673AE}"
EndProject
Project("{9A19103F-16F7-4668-BE54-9A1E7A4F7556}") = "TestConnectFourGame", "TestConnectFourGame\TestConnectFourGame.csproj", "{BF1A873A-39FC-439A-B4CC-5A79FFD9E3B0}"
EndProject
Project("{9A19103F-16F7-4668-BE54-9A1E7A4F7556}") = "ConnectFourAI", "ConnectFourAi\ConnectFourAI.csproj", "{5A3C3A4B-F89D-4D84-9D51-BF482AEA60C6}"
EndProject
Project("{FAE04EC0-301F-11D3-BF4B-00C04F79EFBC}") = "TestConnectFourAI", "TestConnectFourAI\TestConnectFourAI.csproj", "{15C299B2-D235-4E28-A3FB-D23032604E0B}"
EndProject
Global
	GlobalSection(SolutionConfigurationPlatforms) = preSolution
		Debug|Any CPU = Debug|Any CPU
		Release|Any CPU = Release|Any CPU
	EndGlobalSection
	GlobalSection(ProjectConfigurationPlatforms) = postSolution
		{4CFB4468-D6EA-4FE2-AD39-A5FDA8F673AE}.Debug|Any CPU.ActiveCfg = Debug|Any CPU
		{4CFB4468-D6EA-4FE2-AD39-A5FDA8F673AE}.Debug|Any CPU.Build.0 = Debug|Any CPU
		{4CFB4468-D6EA-4FE2-AD39-A5FDA8F673AE}.Release|Any CPU.ActiveCfg = Release|Any CPU
		{4CFB4468-D6EA-4FE2-AD39-A5FDA8F673AE}.Release|Any CPU.Build.0 = Release|Any CPU
		{BF1A873A-39FC-439A-B4CC-5A79FFD9E3B0}.Debug|Any CPU.ActiveCfg = Debug|Any CPU
		{BF1A873A-39FC-439A-B4CC-5A79FFD9E3B0}.Debug|Any CPU.Build.0 = Debug|Any CPU
		{BF1A873A-39FC-439A-B4CC-5A79FFD9E3B0}.Release|Any CPU.ActiveCfg = Release|Any CPU
		{BF1A873A-39FC-439A-B4CC-5A79FFD9E3B0}.Release|Any CPU.Build.0 = Release|Any CPU
		{5A3C3A4B-F89D-4D84-9D51-BF482AEA60C6}.Debug|Any CPU.ActiveCfg = Debug|Any CPU
		{5A3C3A4B-F89D-4D84-9D51-BF482AEA60C6}.Debug|Any CPU.Build.0 = Debug|Any CPU
		{5A3C3A4B-F89D-4D84-9D51-BF482AEA60C6}.Release|Any CPU.ActiveCfg = Release|Any CPU
		{5A3C3A4B-F89D-4D84-9D51-BF482AEA60C6}.Release|Any CPU.Build.0 = Release|Any CPU
		{15C299B2-D235-4E28-A3FB-D23032604E0B}.Debug|Any CPU.ActiveCfg = Debug|Any CPU
		{15C299B2-D235-4E28-A3FB-D23032604E0B}.Debug|Any CPU.Build.0 = Debug|Any CPU
		{15C299B2-D235-4E28-A3FB-D23032604E0B}.Release|Any CPU.ActiveCfg = Release|Any CPU
		{15C299B2-D235-4E28-A3FB-D23032604E0B}.Release|Any CPU.Build.0 = Release|Any CPU
	EndGlobalSection
	GlobalSection(SolutionProperties) = preSolution
		HideSolutionNode = FALSE
	EndGlobalSection
	GlobalSection(ExtensibilityGlobals) = postSolution
		SolutionGuid = {E51E8575-9361-4EDF-BA7E-121385B697CF}
	EndGlobalSection
EndGlobal
